<Solution>
  <Folder Name="/Doc/" />
  <Folder Name="/Doc/chats/">
    <File Path="CHATS/chats_2025-09-12.txt" />
    <File Path="CHATS/chats_2025-09-13.txt" />
  </Folder>
  <Folder Name="/Doc/yaml/">
    <File Path="YAML/S0_MMTS_ML_2025-09-13.txt" />
  </Folder>
  <Project Path="MMTS/MMTS.fsproj" />
  <Project Path="POC/POC.fsproj" />
</Solution>
